// !$*UTF8*$!
{
	archiveVersion = 1;
	classes = {
	};
	objectVersion = 46;
	objects = {

/* Begin PBXBuildFile section */
		ED7CBB7C1AD7414D00B821A4 /* main.m in Sources */ = {isa = PBXBuildFile; fileRef = ED7CBB7B1AD7414D00B821A4 /* main.m */; };
		ED7CBB7F1AD7414D00B821A4 /* AppDelegate.m in Sources */ = {isa = PBXBuildFile; fileRef = ED7CBB7E1AD7414D00B821A4 /* AppDelegate.m */; };
		ED7CBB821AD7414D00B821A4 /* InstaGrub.xcdatamodeld in Sources */ = {isa = PBXBuildFile; fileRef = ED7CBB801AD7414D00B821A4 /* InstaGrub.xcdatamodeld */; };
		ED7CBB851AD7414D00B821A4 /* ViewController.m in Sources */ = {isa = PBXBuildFile; fileRef = ED7CBB841AD7414D00B821A4 /* ViewController.m */; };
		ED7CBB881AD7414D00B821A4 /* Main.storyboard in Resources */ = {isa = PBXBuildFile; fileRef = ED7CBB861AD7414D00B821A4 /* Main.storyboard */; };
		ED7CBB8A1AD7414D00B821A4 /* Images.xcassets in Resources */ = {isa = PBXBuildFile; fileRef = ED7CBB891AD7414D00B821A4 /* Images.xcassets */; };
		ED7CBB8D1AD7414D00B821A4 /* LaunchScreen.xib in Resources */ = {isa = PBXBuildFile; fileRef = ED7CBB8B1AD7414D00B821A4 /* LaunchScreen.xib */; };
		ED7CBB991AD7414D00B821A4 /* InstaGrubTests.m in Sources */ = {isa = PBXBuildFile; fileRef = ED7CBB981AD7414D00B821A4 /* InstaGrubTests.m */; };
/* End PBXBuildFile section */

/* Begin PBXContainerItemProxy section */
		ED7CBB931AD7414D00B821A4 /* PBXContainerItemProxy */ = {
			isa = PBXContainerItemProxy;
			containerPortal = ED7CBB6E1AD7414D00B821A4 /* Project object */;
			proxyType = 1;
			remoteGlobalIDString = ED7CBB751AD7414D00B821A4;
			remoteInfo = InstaGrub;
		};
/* End PBXContainerItemProxy section */

/* Begin PBXFileReference section */
		ED7CBB761AD7414D00B821A4 /* InstaGrub.app */ = {isa = PBXFileReference; explicitFileType = wrapper.application; includeInIndex = 0; path = InstaGrub.app; sourceTree = BUILT_PRODUCTS_DIR; };
		ED7CBB7A1AD7414D00B821A4 /* Info.plist */ = {isa = PBXFileReference; lastKnownFileType = text.plist.xml; path = Info.plist; sourceTree = "<group>"; };
		ED7CBB7B1AD7414D00B821A4 /* main.m */ = {isa = PBXFileReference; lastKnownFileType = sourcecode.c.objc; path = main.m; sourceTree = "<group>"; };
		ED7CBB7D1AD7414D00B821A4 /* AppDelegate.h */ = {isa = PBXFileReference; lastKnownFileType = sourcecode.c.h; path = AppDelegate.h; sourceTree = "<group>"; };
		ED7CBB7E1AD7414D00B821A4 /* AppDelegate.m */ = {isa = PBXFileReference; lastKnownFileType = sourcecode.c.objc; path = AppDelegate.m; sourceTree = "<group>"; };
		ED7CBB811AD7414D00B821A4 /* InstaGrub.xcdatamodel */ = {isa = PBXFileReference; lastKnownFileType = wrapper.xcdatamodel; path = InstaGrub.xcdatamodel; sourceTree = "<group>"; };
		ED7CBB831AD7414D00B821A4 /* ViewController.h */ = {isa = PBXFileReference; lastKnownFileType = sourcecode.c.h; path = ViewController.h; sourceTree = "<group>"; };
		ED7CBB841AD7414D00B821A4 /* ViewController.m */ = {isa = PBXFileReference; lastKnownFileType = sourcecode.c.objc; path = ViewController.m; sourceTree = "<group>"; };
		ED7CBB871AD7414D00B821A4 /* Base */ = {isa = PBXFileReference; lastKnownFileType = file.storyboard; name = Base; path = Base.lproj/Main.storyboard; sourceTree = "<group>"; };
		ED7CBB891AD7414D00B821A4 /* Images.xcassets */ = {isa = PBXFileReference; lastKnownFileType = folder.assetcatalog; path = Images.xcassets; sourceTree = "<group>"; };
		ED7CBB8C1AD7414D00B821A4 /* Base */ = {isa = PBXFileReference; lastKnownFileType = file.xib; name = Base; path = Base.lproj/LaunchScreen.xib; sourceTree = "<group>"; };
		ED7CBB921AD7414D00B821A4 /* InstaGrubTests.xctest */ = {isa = PBXFileReference; explicitFileType = wrapper.cfbundle; includeInIndex = 0; path = InstaGrubTests.xctest; sourceTree = BUILT_PRODUCTS_DIR; };
		ED7CBB971AD7414D00B821A4 /* Info.plist */ = {isa = PBXFileReference; lastKnownFileType = text.plist.xml; path = Info.plist; sourceTree = "<group>"; };
		ED7CBB981AD7414D00B821A4 /* InstaGrubTests.m */ = {isa = PBXFileReference; lastKnownFileType = sourcecode.c.objc; path = InstaGrubTests.m; sourceTree = "<group>"; };
/* End PBXFileReference section */

/* Begin PBXFrameworksBuildPhase section */
		ED7CBB731AD7414D00B821A4 /* Frameworks */ = {
			isa = PBXFrameworksBuildPhase;
			buildActionMask = 2147483647;
			files = (
			);
			runOnlyForDeploymentPostprocessing = 0;
		};
		ED7CBB8F1AD7414D00B821A4 /* Frameworks */ = {
			isa = PBXFrameworksBuildPhase;
			buildActionMask = 2147483647;
			files = (
			);
			runOnlyForDeploymentPostprocessing = 0;
		};
/* End PBXFrameworksBuildPhase section */

/* Begin PBXGroup section */
		ED7CBB6D1AD7414D00B821A4 = {
			isa = PBXGroup;
			children = (
				ED7CBB781AD7414D00B821A4 /* InstaGrub */,
				ED7CBB951AD7414D00B821A4 /* InstaGrubTests */,
				ED7CBB771AD7414D00B821A4 /* Products */,
			);
			sourceTree = "<group>";
		};
		ED7CBB771AD7414D00B821A4 /* Products */ = {
			isa = PBXGroup;
			children = (
				ED7CBB761AD7414D00B821A4 /* InstaGrub.app */,
				ED7CBB921AD7414D00B821A4 /* InstaGrubTests.xctest */,
			);
			name = Products;
			sourceTree = "<group>";
		};
		ED7CBB781AD7414D00B821A4 /* InstaGrub */ = {
			isa = PBXGroup;
			children = (
				ED7CBB7D1AD7414D00B821A4 /* AppDelegate.h */,
				ED7CBB7E1AD7414D00B821A4 /* AppDelegate.m */,
				ED7CBB831AD7414D00B821A4 /* ViewController.h */,
				ED7CBB841AD7414D00B821A4 /* ViewController.m */,
				ED7CBB861AD7414D00B821A4 /* Main.storyboard */,
				ED7CBB891AD7414D00B821A4 /* Images.xcassets */,
				ED7CBB8B1AD7414D00B821A4 /* LaunchScreen.xib */,
				ED7CBB801AD7414D00B821A4 /* InstaGrub.xcdatamodeld */,
				ED7CBB791AD7414D00B821A4 /* Supporting Files */,
			);
			path = InstaGrub;
			sourceTree = "<group>";
		};
		ED7CBB791AD7414D00B821A4 /* Supporting Files */ = {
			isa = PBXGroup;
			children = (
				ED7CBB7A1AD7414D00B821A4 /* Info.plist */,
				ED7CBB7B1AD7414D00B821A4 /* main.m */,
			);
			name = "Supporting Files";
			sourceTree = "<group>";
		};
		ED7CBB951AD7414D00B821A4 /* InstaGrubTests */ = {
			isa = PBXGroup;
			children = (
				ED7CBB981AD7414D00B821A4 /* InstaGrubTests.m */,
				ED7CBB961AD7414D00B821A4 /* Supporting Files */,
			);
			path = InstaGrubTests;
			sourceTree = "<group>";
		};
		ED7CBB961AD7414D00B821A4 /* Supporting Files */ = {
			isa = PBXGroup;
			children = (
				ED7CBB971AD7414D00B821A4 /* Info.plist */,
			);
			name = "Supporting Files";
			sourceTree = "<group>";
		};
/* End PBXGroup section */

/* Begin PBXNativeTarget section */
		ED7CBB751AD7414D00B821A4 /* InstaGrub */ = {
			isa = PBXNativeTarget;
			buildConfigurationList = ED7CBB9C1AD7414D00B821A4 /* Build configuration list for PBXNativeTarget "InstaGrub" */;
			buildPhases = (
				ED7CBB721AD7414D00B821A4 /* Sources */,
				ED7CBB731AD7414D00B821A4 /* Frameworks */,
				ED7CBB741AD7414D00B821A4 /* Resources */,
			);
			buildRules = (
			);
			dependencies = (
			);
			name = InstaGrub;
			productName = InstaGrub;
			productReference = ED7CBB761AD7414D00B821A4 /* InstaGrub.app */;
			productType = "com.apple.product-type.application";
		};
		ED7CBB911AD7414D00B821A4 /* InstaGrubTests */ = {
			isa = PBXNativeTarget;
			buildConfigurationList = ED7CBB9F1AD7414D00B821A4 /* Build configuration list for PBXNativeTarget "InstaGrubTests" */;
			buildPhases = (
				ED7CBB8E1AD7414D00B821A4 /* Sources */,
				ED7CBB8F1AD7414D00B821A4 /* Frameworks */,
				ED7CBB901AD7414D00B821A4 /* Resources */,
			);
			buildRules = (
			);
			dependencies = (
				ED7CBB941AD7414D00B821A4 /* PBXTargetDependency */,
			);
			name = InstaGrubTests;
			productName = InstaGrubTests;
			productReference = ED7CBB921AD7414D00B821A4 /* InstaGrubTests.xctest */;
			productType = "com.apple.product-type.bundle.unit-test";
		};
/* End PBXNativeTarget section */

/* Begin PBXProject section */
		ED7CBB6E1AD7414D00B821A4 /* Project object */ = {
			isa = PBXProject;
			attributes = {
				LastUpgradeCheck = 0620;
				ORGANIZATIONNAME = "Cole Hudson";
				TargetAttributes = {
					ED7CBB751AD7414D00B821A4 = {
						CreatedOnToolsVersion = 6.2;
					};
					ED7CBB911AD7414D00B821A4 = {
						CreatedOnToolsVersion = 6.2;
						TestTargetID = ED7CBB751AD7414D00B821A4;
					};
				};
			};
			buildConfigurationList = ED7CBB711AD7414D00B821A4 /* Build configuration list for PBXProject "InstaGrub" */;
			compatibilityVersion = "Xcode 3.2";
			developmentRegion = English;
			hasScannedForEncodings = 0;
			knownRegions = (
				en,
				Base,
			);
			mainGroup = ED7CBB6D1AD7414D00B821A4;
			productRefGroup = ED7CBB771AD7414D00B821A4 /* Products */;
			projectDirPath = "";
			projectRoot = "";
			targets = (
				ED7CBB751AD7414D00B821A4 /* InstaGrub */,
				ED7CBB911AD7414D00B821A4 /* InstaGrubTests */,
			);
		};
/* End PBXProject section */

/* Begin PBXResourcesBuildPhase section */
		ED7CBB741AD7414D00B821A4 /* Resources */ = {
			isa = PBXResourcesBuildPhase;
			buildActionMask = 2147483647;
			files = (
				ED7CBB881AD7414D00B821A4 /* Main.storyboard in Resources */,
				ED7CBB8D1AD7414D00B821A4 /* LaunchScreen.xib in Resources */,
				ED7CBB8A1AD7414D00B821A4 /* Images.xcassets in Resources */,
			);
			runOnlyForDeploymentPostprocessing = 0;
		};
		ED7CBB901AD7414D00B821A4 /* Resources */ = {
			isa = PBXResourcesBuildPhase;
			buildActionMask = 2147483647;
			files = (
			);
			runOnlyForDeploymentPostprocessing = 0;
		};
/* End PBXResourcesBuildPhase section */

/* Begin PBXSourcesBuildPhase section */
		ED7CBB721AD7414D00B821A4 /* Sources */ = {
			isa = PBXSourcesBuildPhase;
			buildActionMask = 2147483647;
			files = (
				ED7CBB821AD7414D00B821A4 /* InstaGrub.xcdatamodeld in Sources */,
				ED7CBB7F1AD7414D00B821A4 /* AppDelegate.m in Sources */,
				ED7CBB851AD7414D00B821A4 /* ViewController.m in Sources */,
				ED7CBB7C1AD7414D00B821A4 /* main.m in Sources */,
			);
			runOnlyForDeploymentPostprocessing = 0;
		};
		ED7CBB8E1AD7414D00B821A4 /* Sources */ = {
			isa = PBXSourcesBuildPhase;
			buildActionMask = 2147483647;
			files = (
				ED7CBB991AD7414D00B821A4 /* InstaGrubTests.m in Sources */,
			);
			runOnlyForDeploymentPostprocessing = 0;
		};
/* End PBXSourcesBuildPhase section */

/* Begin PBXTargetDependency section */
		ED7CBB941AD7414D00B821A4 /* PBXTargetDependency */ = {
			isa = PBXTargetDependency;
			target = ED7CBB751AD7414D00B821A4 /* InstaGrub */;
			targetProxy = ED7CBB931AD7414D00B821A4 /* PBXContainerItemProxy */;
		};
/* End PBXTargetDependency section */

/* Begin PBXVariantGroup section */
		ED7CBB861AD7414D00B821A4 /* Main.storyboard */ = {
			isa = PBXVariantGroup;
			children = (
				ED7CBB871AD7414D00B821A4 /* Base */,
			);
			name = Main.storyboard;
			sourceTree = "<group>";
		};
		ED7CBB8B1AD7414D00B821A4 /* LaunchScreen.xib */ = {
			isa = PBXVariantGroup;
			children = (
				ED7CBB8C1AD7414D00B821A4 /* Base */,
			);
			name = LaunchScreen.xib;
			sourceTree = "<group>";
		};
/* End PBXVariantGroup section */

/* Begin XCBuildConfiguration section */
		ED7CBB9A1AD7414D00B821A4 /* Debug */ = {
			isa = XCBuildConfiguration;
			buildSettings = {
				ALWAYS_SEARCH_USER_PATHS = NO;
				CLANG_CXX_LANGUAGE_STANDARD = "gnu++0x";
				CLANG_CXX_LIBRARY = "libc++";
				CLANG_ENABLE_MODULES = YES;
				CLANG_ENABLE_OBJC_ARC = YES;
				CLANG_WARN_BOOL_CONVERSION = YES;
				CLANG_WARN_CONSTANT_CONVERSION = YES;
				CLANG_WARN_DIRECT_OBJC_ISA_USAGE = YES_ERROR;
				CLANG_WARN_EMPTY_BODY = YES;
				CLANG_WARN_ENUM_CONVERSION = YES;
				CLANG_WARN_INT_CONVERSION = YES;
				CLANG_WARN_OBJC_ROOT_CLASS = YES_ERROR;
				CLANG_WARN_UNREACHABLE_CODE = YES;
				CLANG_WARN__DUPLICATE_METHOD_MATCH = YES;
				"CODE_SIGN_IDENTITY[sdk=iphoneos*]" = "iPhone Developer";
				COPY_PHASE_STRIP = NO;
				ENABLE_STRICT_OBJC_MSGSEND = YES;
				GCC_C_LANGUAGE_STANDARD = gnu99;
				GCC_DYNAMIC_NO_PIC = NO;
				GCC_OPTIMIZATION_LEVEL = 0;
				GCC_PREPROCESSOR_DEFINITIONS = (
					"DEBUG=1",
					"$(inherited)",
				);
				GCC_SYMBOLS_PRIVATE_EXTERN = NO;
				GCC_WARN_64_TO_32_BIT_CONVERSION = YES;
				GCC_WARN_ABOUT_RETURN_TYPE = YES_ERROR;
				GCC_WARN_UNDECLARED_SELECTOR = YES;
				GCC_WARN_UNINITIALIZED_AUTOS = YES_AGGRESSIVE;
				GCC_WARN_UNUSED_FUNCTION = YES;
				GCC_WARN_UNUSED_VARIABLE = YES;
				IPHONEOS_DEPLOYMENT_TARGET = 8.2;
				MTL_ENABLE_DEBUG_INFO = YES;
				ONLY_ACTIVE_ARCH = YES;
				SDKROOT = iphoneos;
				TARGETED_DEVICE_FAMILY = "1,2";
			};
			name = Debug;
		};
		ED7CBB9B1AD7414D00B821A4 /* Release */ = {
			isa = XCBuildConfiguration;
			buildSettings = {
				ALWAYS_SEARCH_USER_PATHS = NO;
				CLANG_CXX_LANGUAGE_STANDARD = "gnu++0x";
				CLANG_CXX_LIBRARY = "libc++";
				CLANG_ENABLE_MODULES = YES;
				CLANG_ENABLE_OBJC_ARC = YES;
				CLANG_WARN_BOOL_CONVERSION = YES;
				CLANG_WARN_CONSTANT_CONVERSION = YES;
				CLANG_WARN_DIRECT_OBJC_ISA_USAGE = YES_ERROR;
				CLANG_WARN_EMPTY_BODY = YES;
				CLANG_WARN_ENUM_CONVERSION = YES;
				CLANG_WARN_INT_CONVERSION = YES;
				CLANG_WARN_OBJC_ROOT_CLASS = YES_ERROR;
				CLANG_WARN_UNREACHABLE_CODE = YES;
				CLANG_WARN__DUPLICATE_METHOD_MATCH = YES;
				"CODE_SIGN_IDENTITY[sdk=iphoneos*]" = "iPhone Developer";
				COPY_PHASE_STRIP = NO;
				ENABLE_NS_ASSERTIONS = NO;
				ENABLE_STRICT_OBJC_MSGSEND = YES;
				GCC_C_LANGUAGE_STANDARD = gnu99;
				GCC_WARN_64_TO_32_BIT_CONVERSION = YES;
				GCC_WARN_ABOUT_RETURN_TYPE = YES_ERROR;
				GCC_WARN_UNDECLARED_SELECTOR = YES;
				GCC_WARN_UNINITIALIZED_AUTOS = YES_AGGRESSIVE;
				GCC_WARN_UNUSED_FUNCTION = YES;
				GCC_WARN_UNUSED_VARIABLE = YES;
				IPHONEOS_DEPLOYMENT_TARGET = 8.2;
				MTL_ENABLE_DEBUG_INFO = NO;
				SDKROOT = iphoneos;
				TARGETED_DEVICE_FAMILY = "1,2";
				VALIDATE_PRODUCT = YES;
			};
			name = Release;
		};
		ED7CBB9D1AD7414D00B821A4 /* Debug */ = {
			isa = XCBuildConfiguration;
			buildSettings = {
				ASSETCATALOG_COMPILER_APPICON_NAME = AppIcon;
				INFOPLIST_FILE = InstaGrub/Info.plist;
				LD_RUNPATH_SEARCH_PATHS = "$(inherited) @executable_path/Frameworks";
				PRODUCT_NAME = "$(TARGET_NAME)";
			};
			name = Debug;
		};
		ED7CBB9E1AD7414D00B821A4 /* Release */ = {
			isa = XCBuildConfiguration;
			buildSettings = {
				ASSETCATALOG_COMPILER_APPICON_NAME = AppIcon;
				INFOPLIST_FILE = InstaGrub/Info.plist;
				LD_RUNPATH_SEARCH_PATHS = "$(inherited) @executable_path/Frameworks";
				PRODUCT_NAME = "$(TARGET_NAME)";
			};
			name = Release;
		};
		ED7CBBA01AD7414D00B821A4 /* Debug */ = {
			isa = XCBuildConfiguration;
			buildSettings = {
				BUNDLE_LOADER = "$(TEST_HOST)";
				FRAMEWORK_SEARCH_PATHS = (
					"$(SDKROOT)/Developer/Library/Frameworks",
					"$(inherited)",
				);
				GCC_PREPROCESSOR_DEFINITIONS = (
					"DEBUG=1",
					"$(inherited)",
				);
				INFOPLIST_FILE = InstaGrubTests/Info.plist;
				LD_RUNPATH_SEARCH_PATHS = "$(inherited) @executable_path/Frameworks @loader_path/Frameworks";
				PRODUCT_NAME = "$(TARGET_NAME)";
				TEST_HOST = "$(BUILT_PRODUCTS_DIR)/InstaGrub.app/InstaGrub";
			};
			name = Debug;
		};
		ED7CBBA11AD7414D00B821A4 /* Release */ = {
			isa = XCBuildConfiguration;
			buildSettings = {
				BUNDLE_LOADER = "$(TEST_HOST)";
				FRAMEWORK_SEARCH_PATHS = (
					"$(SDKROOT)/Developer/Library/Frameworks",
					"$(inherited)",
				);
				INFOPLIST_FILE = InstaGrubTests/Info.plist;
				LD_RUNPATH_SEARCH_PATHS = "$(inherited) @executable_path/Frameworks @loader_path/Frameworks";
				PRODUCT_NAME = "$(TARGET_NAME)";
				TEST_HOST = "$(BUILT_PRODUCTS_DIR)/InstaGrub.app/InstaGrub";
			};
			name = Release;
		};
/* End XCBuildConfiguration section */

/* Begin XCConfigurationList section */
		ED7CBB711AD7414D00B821A4 /* Build configuration list for PBXProject "InstaGrub" */ = {
			isa = XCConfigurationList;
			buildConfigurations = (
				ED7CBB9A1AD7414D00B821A4 /* Debug */,
				ED7CBB9B1AD7414D00B821A4 /* Release */,
			);
			defaultConfigurationIsVisible = 0;
			defaultConfigurationName = Release;
		};
		ED7CBB9C1AD7414D00B821A4 /* Build configuration list for PBXNativeTarget "InstaGrub" */ = {
			isa = XCConfigurationList;
			buildConfigurations = (
				ED7CBB9D1AD7414D00B821A4 /* Debug */,
				ED7CBB9E1AD7414D00B821A4 /* Release */,
			);
			defaultConfigurationIsVisible = 0;
		};
		ED7CBB9F1AD7414D00B821A4 /* Build configuration list for PBXNativeTarget "InstaGrubTests" */ = {
			isa = XCConfigurationList;
			buildConfigurations = (
				ED7CBBA01AD7414D00B821A4 /* Debug */,
				ED7CBBA11AD7414D00B821A4 /* Release */,
			);
			defaultConfigurationIsVisible = 0;
		};
/* End XCConfigurationList section */

/* Begin XCVersionGroup section */
		ED7CBB801AD7414D00B821A4 /* InstaGrub.xcdatamodeld */ = {
			isa = XCVersionGroup;
			children = (
				ED7CBB811AD7414D00B821A4 /* InstaGrub.xcdatamodel */,
			);
			currentVersion = ED7CBB811AD7414D00B821A4 /* InstaGrub.xcdatamodel */;
			path = InstaGrub.xcdatamodeld;
			sourceTree = "<group>";
			versionGroupType = wrapper.xcdatamodel;
		};
/* End XCVersionGroup section */
	};
	rootObject = ED7CBB6E1AD7414D00B821A4 /* Project object */;
}
